// !$*UTF8*$!
{
	archiveVersion = 1;
	classes = {
	};
	objectVersion = 56;
	objects = {

/* Begin PBXBuildFile section */
		9D0F73A42931160A00F16D5E /* ios_reddit_tldrApp.swift in Sources */ = {isa = PBXBuildFile; fileRef = 9D0F73A32931160A00F16D5E /* ios_reddit_tldrApp.swift */; };
		9D0F73A62931160A00F16D5E /* ContentView.swift in Sources */ = {isa = PBXBuildFile; fileRef = 9D0F73A52931160A00F16D5E /* ContentView.swift */; };
		9D0F73A82931160B00F16D5E /* Assets.xcassets in Resources */ = {isa = PBXBuildFile; fileRef = 9D0F73A72931160B00F16D5E /* Assets.xcassets */; };
		9D0F73AB2931160B00F16D5E /* Preview Assets.xcassets in Resources */ = {isa = PBXBuildFile; fileRef = 9D0F73AA2931160B00F16D5E /* Preview Assets.xcassets */; };
		9D0F73AD2931160B00F16D5E /* Persistence.swift in Sources */ = {isa = PBXBuildFile; fileRef = 9D0F73AC2931160B00F16D5E /* Persistence.swift */; };
		9D0F73B02931160B00F16D5E /* ios_reddit_tldr.xcdatamodeld in Sources */ = {isa = PBXBuildFile; fileRef = 9D0F73AE2931160B00F16D5E /* ios_reddit_tldr.xcdatamodeld */; };
		9D0F73BA2931160B00F16D5E /* ios_reddit_tldrTests.swift in Sources */ = {isa = PBXBuildFile; fileRef = 9D0F73B92931160B00F16D5E /* ios_reddit_tldrTests.swift */; };
		9D0F73C42931160B00F16D5E /* ios_reddit_tldrUITests.swift in Sources */ = {isa = PBXBuildFile; fileRef = 9D0F73C32931160B00F16D5E /* ios_reddit_tldrUITests.swift */; };
		9D0F73C62931160B00F16D5E /* ios_reddit_tldrUITestsLaunchTests.swift in Sources */ = {isa = PBXBuildFile; fileRef = 9D0F73C52931160B00F16D5E /* ios_reddit_tldrUITestsLaunchTests.swift */; };
/* End PBXBuildFile section */

/* Begin PBXContainerItemProxy section */
		9D0F73B62931160B00F16D5E /* PBXContainerItemProxy */ = {
			isa = PBXContainerItemProxy;
			containerPortal = 9D0F73982931160A00F16D5E /* Project object */;
			proxyType = 1;
			remoteGlobalIDString = 9D0F739F2931160A00F16D5E;
			remoteInfo = "ios-reddit-tldr";
		};
		9D0F73C02931160B00F16D5E /* PBXContainerItemProxy */ = {
			isa = PBXContainerItemProxy;
			containerPortal = 9D0F73982931160A00F16D5E /* Project object */;
			proxyType = 1;
			remoteGlobalIDString = 9D0F739F2931160A00F16D5E;
			remoteInfo = "ios-reddit-tldr";
		};
/* End PBXContainerItemProxy section */

/* Begin PBXFileReference section */
		9D0F73A02931160A00F16D5E /* ios-reddit-tldr.app */ = {isa = PBXFileReference; explicitFileType = wrapper.application; includeInIndex = 0; path = "ios-reddit-tldr.app"; sourceTree = BUILT_PRODUCTS_DIR; };
		9D0F73A32931160A00F16D5E /* ios_reddit_tldrApp.swift */ = {isa = PBXFileReference; lastKnownFileType = sourcecode.swift; path = ios_reddit_tldrApp.swift; sourceTree = "<group>"; };
		9D0F73A52931160A00F16D5E /* ContentView.swift */ = {isa = PBXFileReference; lastKnownFileType = sourcecode.swift; path = ContentView.swift; sourceTree = "<group>"; };
		9D0F73A72931160B00F16D5E /* Assets.xcassets */ = {isa = PBXFileReference; lastKnownFileType = folder.assetcatalog; path = Assets.xcassets; sourceTree = "<group>"; };
		9D0F73AA2931160B00F16D5E /* Preview Assets.xcassets */ = {isa = PBXFileReference; lastKnownFileType = folder.assetcatalog; path = "Preview Assets.xcassets"; sourceTree = "<group>"; };
		9D0F73AC2931160B00F16D5E /* Persistence.swift */ = {isa = PBXFileReference; lastKnownFileType = sourcecode.swift; path = Persistence.swift; sourceTree = "<group>"; };
		9D0F73AF2931160B00F16D5E /* ios_reddit_tldr.xcdatamodel */ = {isa = PBXFileReference; lastKnownFileType = wrapper.xcdatamodel; path = ios_reddit_tldr.xcdatamodel; sourceTree = "<group>"; };
		9D0F73B52931160B00F16D5E /* ios-reddit-tldrTests.xctest */ = {isa = PBXFileReference; explicitFileType = wrapper.cfbundle; includeInIndex = 0; path = "ios-reddit-tldrTests.xctest"; sourceTree = BUILT_PRODUCTS_DIR; };
		9D0F73B92931160B00F16D5E /* ios_reddit_tldrTests.swift */ = {isa = PBXFileReference; lastKnownFileType = sourcecode.swift; path = ios_reddit_tldrTests.swift; sourceTree = "<group>"; };
		9D0F73BF2931160B00F16D5E /* ios-reddit-tldrUITests.xctest */ = {isa = PBXFileReference; explicitFileType = wrapper.cfbundle; includeInIndex = 0; path = "ios-reddit-tldrUITests.xctest"; sourceTree = BUILT_PRODUCTS_DIR; };
		9D0F73C32931160B00F16D5E /* ios_reddit_tldrUITests.swift */ = {isa = PBXFileReference; lastKnownFileType = sourcecode.swift; path = ios_reddit_tldrUITests.swift; sourceTree = "<group>"; };
		9D0F73C52931160B00F16D5E /* ios_reddit_tldrUITestsLaunchTests.swift */ = {isa = PBXFileReference; lastKnownFileType = sourcecode.swift; path = ios_reddit_tldrUITestsLaunchTests.swift; sourceTree = "<group>"; };
/* End PBXFileReference section */

/* Begin PBXFrameworksBuildPhase section */
		9D0F739D2931160A00F16D5E /* Frameworks */ = {
			isa = PBXFrameworksBuildPhase;
			buildActionMask = 2147483647;
			files = (
			);
			runOnlyForDeploymentPostprocessing = 0;
		};
		9D0F73B22931160B00F16D5E /* Frameworks */ = {
			isa = PBXFrameworksBuildPhase;
			buildActionMask = 2147483647;
			files = (
			);
			runOnlyForDeploymentPostprocessing = 0;
		};
		9D0F73BC2931160B00F16D5E /* Frameworks */ = {
			isa = PBXFrameworksBuildPhase;
			buildActionMask = 2147483647;
			files = (
			);
			runOnlyForDeploymentPostprocessing = 0;
		};
/* End PBXFrameworksBuildPhase section */

/* Begin PBXGroup section */
		9D0F73972931160A00F16D5E = {
			isa = PBXGroup;
			children = (
				9D0F73A22931160A00F16D5E /* ios-reddit-tldr */,
				9D0F73B82931160B00F16D5E /* ios-reddit-tldrTests */,
				9D0F73C22931160B00F16D5E /* ios-reddit-tldrUITests */,
				9D0F73A12931160A00F16D5E /* Products */,
			);
			sourceTree = "<group>";
		};
		9D0F73A12931160A00F16D5E /* Products */ = {
			isa = PBXGroup;
			children = (
				9D0F73A02931160A00F16D5E /* ios-reddit-tldr.app */,
				9D0F73B52931160B00F16D5E /* ios-reddit-tldrTests.xctest */,
				9D0F73BF2931160B00F16D5E /* ios-reddit-tldrUITests.xctest */,
			);
			name = Products;
			sourceTree = "<group>";
		};
		9D0F73A22931160A00F16D5E /* ios-reddit-tldr */ = {
			isa = PBXGroup;
			children = (
				9D0F73A32931160A00F16D5E /* ios_reddit_tldrApp.swift */,
				9D0F73A52931160A00F16D5E /* ContentView.swift */,
				9D0F73A72931160B00F16D5E /* Assets.xcassets */,
				9D0F73AC2931160B00F16D5E /* Persistence.swift */,
				9D0F73AE2931160B00F16D5E /* ios_reddit_tldr.xcdatamodeld */,
				9D0F73A92931160B00F16D5E /* Preview Content */,
			);
			path = "ios-reddit-tldr";
			sourceTree = "<group>";
		};
		9D0F73A92931160B00F16D5E /* Preview Content */ = {
			isa = PBXGroup;
			children = (
				9D0F73AA2931160B00F16D5E /* Preview Assets.xcassets */,
			);
			path = "Preview Content";
			sourceTree = "<group>";
		};
		9D0F73B82931160B00F16D5E /* ios-reddit-tldrTests */ = {
			isa = PBXGroup;
			children = (
				9D0F73B92931160B00F16D5E /* ios_reddit_tldrTests.swift */,
			);
			path = "ios-reddit-tldrTests";
			sourceTree = "<group>";
		};
		9D0F73C22931160B00F16D5E /* ios-reddit-tldrUITests */ = {
			isa = PBXGroup;
			children = (
				9D0F73C32931160B00F16D5E /* ios_reddit_tldrUITests.swift */,
				9D0F73C52931160B00F16D5E /* ios_reddit_tldrUITestsLaunchTests.swift */,
			);
			path = "ios-reddit-tldrUITests";
			sourceTree = "<group>";
		};
/* End PBXGroup section */

/* Begin PBXNativeTarget section */
		9D0F739F2931160A00F16D5E /* ios-reddit-tldr */ = {
			isa = PBXNativeTarget;
			buildConfigurationList = 9D0F73C92931160B00F16D5E /* Build configuration list for PBXNativeTarget "ios-reddit-tldr" */;
			buildPhases = (
				9D0F739C2931160A00F16D5E /* Sources */,
				9D0F739D2931160A00F16D5E /* Frameworks */,
				9D0F739E2931160A00F16D5E /* Resources */,
			);
			buildRules = (
			);
			dependencies = (
			);
			name = "ios-reddit-tldr";
			productName = "ios-reddit-tldr";
			productReference = 9D0F73A02931160A00F16D5E /* ios-reddit-tldr.app */;
			productType = "com.apple.product-type.application";
		};
		9D0F73B42931160B00F16D5E /* ios-reddit-tldrTests */ = {
			isa = PBXNativeTarget;
			buildConfigurationList = 9D0F73CC2931160B00F16D5E /* Build configuration list for PBXNativeTarget "ios-reddit-tldrTests" */;
			buildPhases = (
				9D0F73B12931160B00F16D5E /* Sources */,
				9D0F73B22931160B00F16D5E /* Frameworks */,
				9D0F73B32931160B00F16D5E /* Resources */,
			);
			buildRules = (
			);
			dependencies = (
				9D0F73B72931160B00F16D5E /* PBXTargetDependency */,
			);
			name = "ios-reddit-tldrTests";
			productName = "ios-reddit-tldrTests";
			productReference = 9D0F73B52931160B00F16D5E /* ios-reddit-tldrTests.xctest */;
			productType = "com.apple.product-type.bundle.unit-test";
		};
		9D0F73BE2931160B00F16D5E /* ios-reddit-tldrUITests */ = {
			isa = PBXNativeTarget;
			buildConfigurationList = 9D0F73CF2931160B00F16D5E /* Build configuration list for PBXNativeTarget "ios-reddit-tldrUITests" */;
			buildPhases = (
				9D0F73BB2931160B00F16D5E /* Sources */,
				9D0F73BC2931160B00F16D5E /* Frameworks */,
				9D0F73BD2931160B00F16D5E /* Resources */,
			);
			buildRules = (
			);
			dependencies = (
				9D0F73C12931160B00F16D5E /* PBXTargetDependency */,
			);
			name = "ios-reddit-tldrUITests";
			productName = "ios-reddit-tldrUITests";
			productReference = 9D0F73BF2931160B00F16D5E /* ios-reddit-tldrUITests.xctest */;
			productType = "com.apple.product-type.bundle.ui-testing";
		};
/* End PBXNativeTarget section */

/* Begin PBXProject section */
		9D0F73982931160A00F16D5E /* Project object */ = {
			isa = PBXProject;
			attributes = {
				BuildIndependentTargetsInParallel = 1;
				LastSwiftUpdateCheck = 1410;
				LastUpgradeCheck = 1410;
				TargetAttributes = {
					9D0F739F2931160A00F16D5E = {
						CreatedOnToolsVersion = 14.1;
					};
					9D0F73B42931160B00F16D5E = {
						CreatedOnToolsVersion = 14.1;
						TestTargetID = 9D0F739F2931160A00F16D5E;
					};
					9D0F73BE2931160B00F16D5E = {
						CreatedOnToolsVersion = 14.1;
						TestTargetID = 9D0F739F2931160A00F16D5E;
					};
				};
			};
			buildConfigurationList = 9D0F739B2931160A00F16D5E /* Build configuration list for PBXProject "ios-reddit-tldr" */;
			compatibilityVersion = "Xcode 14.0";
			developmentRegion = en;
			hasScannedForEncodings = 0;
			knownRegions = (
				en,
				Base,
			);
			mainGroup = 9D0F73972931160A00F16D5E;
			productRefGroup = 9D0F73A12931160A00F16D5E /* Products */;
			projectDirPath = "";
			projectRoot = "";
			targets = (
				9D0F739F2931160A00F16D5E /* ios-reddit-tldr */,
				9D0F73B42931160B00F16D5E /* ios-reddit-tldrTests */,
				9D0F73BE2931160B00F16D5E /* ios-reddit-tldrUITests */,
			);
		};
/* End PBXProject section */

/* Begin PBXResourcesBuildPhase section */
		9D0F739E2931160A00F16D5E /* Resources */ = {
			isa = PBXResourcesBuildPhase;
			buildActionMask = 2147483647;
			files = (
				9D0F73AB2931160B00F16D5E /* Preview Assets.xcassets in Resources */,
				9D0F73A82931160B00F16D5E /* Assets.xcassets in Resources */,
			);
			runOnlyForDeploymentPostprocessing = 0;
		};
		9D0F73B32931160B00F16D5E /* Resources */ = {
			isa = PBXResourcesBuildPhase;
			buildActionMask = 2147483647;
			files = (
			);
			runOnlyForDeploymentPostprocessing = 0;
		};
		9D0F73BD2931160B00F16D5E /* Resources */ = {
			isa = PBXResourcesBuildPhase;
			buildActionMask = 2147483647;
			files = (
			);
			runOnlyForDeploymentPostprocessing = 0;
		};
/* End PBXResourcesBuildPhase section */

/* Begin PBXSourcesBuildPhase section */
		9D0F739C2931160A00F16D5E /* Sources */ = {
			isa = PBXSourcesBuildPhase;
			buildActionMask = 2147483647;
			files = (
				9D0F73AD2931160B00F16D5E /* Persistence.swift in Sources */,
				9D0F73A62931160A00F16D5E /* ContentView.swift in Sources */,
				9D0F73A42931160A00F16D5E /* ios_reddit_tldrApp.swift in Sources */,
				9D0F73B02931160B00F16D5E /* ios_reddit_tldr.xcdatamodeld in Sources */,
			);
			runOnlyForDeploymentPostprocessing = 0;
		};
		9D0F73B12931160B00F16D5E /* Sources */ = {
			isa = PBXSourcesBuildPhase;
			buildActionMask = 2147483647;
			files = (
				9D0F73BA2931160B00F16D5E /* ios_reddit_tldrTests.swift in Sources */,
			);
			runOnlyForDeploymentPostprocessing = 0;
		};
		9D0F73BB2931160B00F16D5E /* Sources */ = {
			isa = PBXSourcesBuildPhase;
			buildActionMask = 2147483647;
			files = (
				9D0F73C62931160B00F16D5E /* ios_reddit_tldrUITestsLaunchTests.swift in Sources */,
				9D0F73C42931160B00F16D5E /* ios_reddit_tldrUITests.swift in Sources */,
			);
			runOnlyForDeploymentPostprocessing = 0;
		};
/* End PBXSourcesBuildPhase section */

/* Begin PBXTargetDependency section */
		9D0F73B72931160B00F16D5E /* PBXTargetDependency */ = {
			isa = PBXTargetDependency;
			target = 9D0F739F2931160A00F16D5E /* ios-reddit-tldr */;
			targetProxy = 9D0F73B62931160B00F16D5E /* PBXContainerItemProxy */;
		};
		9D0F73C12931160B00F16D5E /* PBXTargetDependency */ = {
			isa = PBXTargetDependency;
			target = 9D0F739F2931160A00F16D5E /* ios-reddit-tldr */;
			targetProxy = 9D0F73C02931160B00F16D5E /* PBXContainerItemProxy */;
		};
/* End PBXTargetDependency section */

/* Begin XCBuildConfiguration section */
		9D0F73C72931160B00F16D5E /* Debug */ = {
			isa = XCBuildConfiguration;
			buildSettings = {
				ALWAYS_SEARCH_USER_PATHS = NO;
				CLANG_ANALYZER_NONNULL = YES;
				CLANG_ANALYZER_NUMBER_OBJECT_CONVERSION = YES_AGGRESSIVE;
				CLANG_CXX_LANGUAGE_STANDARD = "gnu++20";
				CLANG_ENABLE_MODULES = YES;
				CLANG_ENABLE_OBJC_ARC = YES;
				CLANG_ENABLE_OBJC_WEAK = YES;
				CLANG_WARN_BLOCK_CAPTURE_AUTORELEASING = YES;
				CLANG_WARN_BOOL_CONVERSION = YES;
				CLANG_WARN_COMMA = YES;
				CLANG_WARN_CONSTANT_CONVERSION = YES;
				CLANG_WARN_DEPRECATED_OBJC_IMPLEMENTATIONS = YES;
				CLANG_WARN_DIRECT_OBJC_ISA_USAGE = YES_ERROR;
				CLANG_WARN_DOCUMENTATION_COMMENTS = YES;
				CLANG_WARN_EMPTY_BODY = YES;
				CLANG_WARN_ENUM_CONVERSION = YES;
				CLANG_WARN_INFINITE_RECURSION = YES;
				CLANG_WARN_INT_CONVERSION = YES;
				CLANG_WARN_NON_LITERAL_NULL_CONVERSION = YES;
				CLANG_WARN_OBJC_IMPLICIT_RETAIN_SELF = YES;
				CLANG_WARN_OBJC_LITERAL_CONVERSION = YES;
				CLANG_WARN_OBJC_ROOT_CLASS = YES_ERROR;
				CLANG_WARN_QUOTED_INCLUDE_IN_FRAMEWORK_HEADER = YES;
				CLANG_WARN_RANGE_LOOP_ANALYSIS = YES;
				CLANG_WARN_STRICT_PROTOTYPES = YES;
				CLANG_WARN_SUSPICIOUS_MOVE = YES;
				CLANG_WARN_UNGUARDED_AVAILABILITY = YES_AGGRESSIVE;
				CLANG_WARN_UNREACHABLE_CODE = YES;
				CLANG_WARN__DUPLICATE_METHOD_MATCH = YES;
				COPY_PHASE_STRIP = NO;
				DEBUG_INFORMATION_FORMAT = dwarf;
				ENABLE_STRICT_OBJC_MSGSEND = YES;
				ENABLE_TESTABILITY = YES;
				GCC_C_LANGUAGE_STANDARD = gnu11;
				GCC_DYNAMIC_NO_PIC = NO;
				GCC_NO_COMMON_BLOCKS = YES;
				GCC_OPTIMIZATION_LEVEL = 0;
				GCC_PREPROCESSOR_DEFINITIONS = (
					"DEBUG=1",
					"$(inherited)",
				);
				GCC_WARN_64_TO_32_BIT_CONVERSION = YES;
				GCC_WARN_ABOUT_RETURN_TYPE = YES_ERROR;
				GCC_WARN_UNDECLARED_SELECTOR = YES;
				GCC_WARN_UNINITIALIZED_AUTOS = YES_AGGRESSIVE;
				GCC_WARN_UNUSED_FUNCTION = YES;
				GCC_WARN_UNUSED_VARIABLE = YES;
				IPHONEOS_DEPLOYMENT_TARGET = 16.1;
				MTL_ENABLE_DEBUG_INFO = INCLUDE_SOURCE;
				MTL_FAST_MATH = YES;
				ONLY_ACTIVE_ARCH = YES;
				SDKROOT = iphoneos;
				SWIFT_ACTIVE_COMPILATION_CONDITIONS = DEBUG;
				SWIFT_OPTIMIZATION_LEVEL = "-Onone";
			};
			name = Debug;
		};
		9D0F73C82931160B00F16D5E /* Release */ = {
			isa = XCBuildConfiguration;
			buildSettings = {
				ALWAYS_SEARCH_USER_PATHS = NO;
				CLANG_ANALYZER_NONNULL = YES;
				CLANG_ANALYZER_NUMBER_OBJECT_CONVERSION = YES_AGGRESSIVE;
				CLANG_CXX_LANGUAGE_STANDARD = "gnu++20";
				CLANG_ENABLE_MODULES = YES;
				CLANG_ENABLE_OBJC_ARC = YES;
				CLANG_ENABLE_OBJC_WEAK = YES;
				CLANG_WARN_BLOCK_CAPTURE_AUTORELEASING = YES;
				CLANG_WARN_BOOL_CONVERSION = YES;
				CLANG_WARN_COMMA = YES;
				CLANG_WARN_CONSTANT_CONVERSION = YES;
				CLANG_WARN_DEPRECATED_OBJC_IMPLEMENTATIONS = YES;
				CLANG_WARN_DIRECT_OBJC_ISA_USAGE = YES_ERROR;
				CLANG_WARN_DOCUMENTATION_COMMENTS = YES;
				CLANG_WARN_EMPTY_BODY = YES;
				CLANG_WARN_ENUM_CONVERSION = YES;
				CLANG_WARN_INFINITE_RECURSION = YES;
				CLANG_WARN_INT_CONVERSION = YES;
				CLANG_WARN_NON_LITERAL_NULL_CONVERSION = YES;
				CLANG_WARN_OBJC_IMPLICIT_RETAIN_SELF = YES;
				CLANG_WARN_OBJC_LITERAL_CONVERSION = YES;
				CLANG_WARN_OBJC_ROOT_CLASS = YES_ERROR;
				CLANG_WARN_QUOTED_INCLUDE_IN_FRAMEWORK_HEADER = YES;
				CLANG_WARN_RANGE_LOOP_ANALYSIS = YES;
				CLANG_WARN_STRICT_PROTOTYPES = YES;
				CLANG_WARN_SUSPICIOUS_MOVE = YES;
				CLANG_WARN_UNGUARDED_AVAILABILITY = YES_AGGRESSIVE;
				CLANG_WARN_UNREACHABLE_CODE = YES;
				CLANG_WARN__DUPLICATE_METHOD_MATCH = YES;
				COPY_PHASE_STRIP = NO;
				DEBUG_INFORMATION_FORMAT = "dwarf-with-dsym";
				ENABLE_NS_ASSERTIONS = NO;
				ENABLE_STRICT_OBJC_MSGSEND = YES;
				GCC_C_LANGUAGE_STANDARD = gnu11;
				GCC_NO_COMMON_BLOCKS = YES;
				GCC_WARN_64_TO_32_BIT_CONVERSION = YES;
				GCC_WARN_ABOUT_RETURN_TYPE = YES_ERROR;
				GCC_WARN_UNDECLARED_SELECTOR = YES;
				GCC_WARN_UNINITIALIZED_AUTOS = YES_AGGRESSIVE;
				GCC_WARN_UNUSED_FUNCTION = YES;
				GCC_WARN_UNUSED_VARIABLE = YES;
				IPHONEOS_DEPLOYMENT_TARGET = 16.1;
				MTL_ENABLE_DEBUG_INFO = NO;
				MTL_FAST_MATH = YES;
				SDKROOT = iphoneos;
				SWIFT_COMPILATION_MODE = wholemodule;
				SWIFT_OPTIMIZATION_LEVEL = "-O";
				VALIDATE_PRODUCT = YES;
			};
			name = Release;
		};
		9D0F73CA2931160B00F16D5E /* Debug */ = {
			isa = XCBuildConfiguration;
			buildSettings = {
				ASSETCATALOG_COMPILER_APPICON_NAME = AppIcon;
				ASSETCATALOG_COMPILER_GLOBAL_ACCENT_COLOR_NAME = AccentColor;
				CODE_SIGN_STYLE = Automatic;
				CURRENT_PROJECT_VERSION = 1;
				DEVELOPMENT_ASSET_PATHS = "\"ios-reddit-tldr/Preview Content\"";
				ENABLE_PREVIEWS = YES;
				GENERATE_INFOPLIST_FILE = YES;
				INFOPLIST_KEY_UIApplicationSceneManifest_Generation = YES;
				INFOPLIST_KEY_UIApplicationSupportsIndirectInputEvents = YES;
				INFOPLIST_KEY_UILaunchScreen_Generation = YES;
				INFOPLIST_KEY_UISupportedInterfaceOrientations_iPad = "UIInterfaceOrientationPortrait UIInterfaceOrientationPortraitUpsideDown UIInterfaceOrientationLandscapeLeft UIInterfaceOrientationLandscapeRight";
				INFOPLIST_KEY_UISupportedInterfaceOrientations_iPhone = "UIInterfaceOrientationPortrait UIInterfaceOrientationLandscapeLeft UIInterfaceOrientationLandscapeRight";
				LD_RUNPATH_SEARCH_PATHS = (
					"$(inherited)",
					"@executable_path/Frameworks",
				);
				MARKETING_VERSION = 1.0;
				PRODUCT_BUNDLE_IDENTIFIER = "christopher.wallace.ios-reddit-tldr";
				PRODUCT_NAME = "$(TARGET_NAME)";
				SWIFT_EMIT_LOC_STRINGS = YES;
				SWIFT_VERSION = 5.0;
				TARGETED_DEVICE_FAMILY = "1,2";
			};
			name = Debug;
		};
		9D0F73CB2931160B00F16D5E /* Release */ = {
			isa = XCBuildConfiguration;
			buildSettings = {
				ASSETCATALOG_COMPILER_APPICON_NAME = AppIcon;
				ASSETCATALOG_COMPILER_GLOBAL_ACCENT_COLOR_NAME = AccentColor;
				CODE_SIGN_STYLE = Automatic;
				CURRENT_PROJECT_VERSION = 1;
				DEVELOPMENT_ASSET_PATHS = "\"ios-reddit-tldr/Preview Content\"";
				ENABLE_PREVIEWS = YES;
				GENERATE_INFOPLIST_FILE = YES;
				INFOPLIST_KEY_UIApplicationSceneManifest_Generation = YES;
				INFOPLIST_KEY_UIApplicationSupportsIndirectInputEvents = YES;
				INFOPLIST_KEY_UILaunchScreen_Generation = YES;
				INFOPLIST_KEY_UISupportedInterfaceOrientations_iPad = "UIInterfaceOrientationPortrait UIInterfaceOrientationPortraitUpsideDown UIInterfaceOrientationLandscapeLeft UIInterfaceOrientationLandscapeRight";
				INFOPLIST_KEY_UISupportedInterfaceOrientations_iPhone = "UIInterfaceOrientationPortrait UIInterfaceOrientationLandscapeLeft UIInterfaceOrientationLandscapeRight";
				LD_RUNPATH_SEARCH_PATHS = (
					"$(inherited)",
					"@executable_path/Frameworks",
				);
				MARKETING_VERSION = 1.0;
				PRODUCT_BUNDLE_IDENTIFIER = "christopher.wallace.ios-reddit-tldr";
				PRODUCT_NAME = "$(TARGET_NAME)";
				SWIFT_EMIT_LOC_STRINGS = YES;
				SWIFT_VERSION = 5.0;
				TARGETED_DEVICE_FAMILY = "1,2";
			};
			name = Release;
		};
		9D0F73CD2931160B00F16D5E /* Debug */ = {
			isa = XCBuildConfiguration;
			buildSettings = {
				ALWAYS_EMBED_SWIFT_STANDARD_LIBRARIES = YES;
				BUNDLE_LOADER = "$(TEST_HOST)";
				CODE_SIGN_STYLE = Automatic;
				CURRENT_PROJECT_VERSION = 1;
				GENERATE_INFOPLIST_FILE = YES;
				IPHONEOS_DEPLOYMENT_TARGET = 16.1;
				MARKETING_VERSION = 1.0;
				PRODUCT_BUNDLE_IDENTIFIER = "christopher.wallace.ios-reddit-tldrTests";
				PRODUCT_NAME = "$(TARGET_NAME)";
				SWIFT_EMIT_LOC_STRINGS = NO;
				SWIFT_VERSION = 5.0;
				TARGETED_DEVICE_FAMILY = "1,2";
				TEST_HOST = "$(BUILT_PRODUCTS_DIR)/ios-reddit-tldr.app/$(BUNDLE_EXECUTABLE_FOLDER_PATH)/ios-reddit-tldr";
			};
			name = Debug;
		};
		9D0F73CE2931160B00F16D5E /* Release */ = {
			isa = XCBuildConfiguration;
			buildSettings = {
				ALWAYS_EMBED_SWIFT_STANDARD_LIBRARIES = YES;
				BUNDLE_LOADER = "$(TEST_HOST)";
				CODE_SIGN_STYLE = Automatic;
				CURRENT_PROJECT_VERSION = 1;
				GENERATE_INFOPLIST_FILE = YES;
				IPHONEOS_DEPLOYMENT_TARGET = 16.1;
				MARKETING_VERSION = 1.0;
				PRODUCT_BUNDLE_IDENTIFIER = "christopher.wallace.ios-reddit-tldrTests";
				PRODUCT_NAME = "$(TARGET_NAME)";
				SWIFT_EMIT_LOC_STRINGS = NO;
				SWIFT_VERSION = 5.0;
				TARGETED_DEVICE_FAMILY = "1,2";
				TEST_HOST = "$(BUILT_PRODUCTS_DIR)/ios-reddit-tldr.app/$(BUNDLE_EXECUTABLE_FOLDER_PATH)/ios-reddit-tldr";
			};
			name = Release;
		};
		9D0F73D02931160B00F16D5E /* Debug */ = {
			isa = XCBuildConfiguration;
			buildSettings = {
				ALWAYS_EMBED_SWIFT_STANDARD_LIBRARIES = YES;
				CODE_SIGN_STYLE = Automatic;
				CURRENT_PROJECT_VERSION = 1;
				GENERATE_INFOPLIST_FILE = YES;
				MARKETING_VERSION = 1.0;
				PRODUCT_BUNDLE_IDENTIFIER = "christopher.wallace.ios-reddit-tldrUITests";
				PRODUCT_NAME = "$(TARGET_NAME)";
				SWIFT_EMIT_LOC_STRINGS = NO;
				SWIFT_VERSION = 5.0;
				TARGETED_DEVICE_FAMILY = "1,2";
				TEST_TARGET_NAME = "ios-reddit-tldr";
			};
			name = Debug;
		};
		9D0F73D12931160B00F16D5E /* Release */ = {
			isa = XCBuildConfiguration;
			buildSettings = {
				ALWAYS_EMBED_SWIFT_STANDARD_LIBRARIES = YES;
				CODE_SIGN_STYLE = Automatic;
				CURRENT_PROJECT_VERSION = 1;
				GENERATE_INFOPLIST_FILE = YES;
				MARKETING_VERSION = 1.0;
				PRODUCT_BUNDLE_IDENTIFIER = "christopher.wallace.ios-reddit-tldrUITests";
				PRODUCT_NAME = "$(TARGET_NAME)";
				SWIFT_EMIT_LOC_STRINGS = NO;
				SWIFT_VERSION = 5.0;
				TARGETED_DEVICE_FAMILY = "1,2";
				TEST_TARGET_NAME = "ios-reddit-tldr";
			};
			name = Release;
		};
/* End XCBuildConfiguration section */

/* Begin XCConfigurationList section */
		9D0F739B2931160A00F16D5E /* Build configuration list for PBXProject "ios-reddit-tldr" */ = {
			isa = XCConfigurationList;
			buildConfigurations = (
				9D0F73C72931160B00F16D5E /* Debug */,
				9D0F73C82931160B00F16D5E /* Release */,
			);
			defaultConfigurationIsVisible = 0;
			defaultConfigurationName = Release;
		};
		9D0F73C92931160B00F16D5E /* Build configuration list for PBXNativeTarget "ios-reddit-tldr" */ = {
			isa = XCConfigurationList;
			buildConfigurations = (
				9D0F73CA2931160B00F16D5E /* Debug */,
				9D0F73CB2931160B00F16D5E /* Release */,
			);
			defaultConfigurationIsVisible = 0;
			defaultConfigurationName = Release;
		};
		9D0F73CC2931160B00F16D5E /* Build configuration list for PBXNativeTarget "ios-reddit-tldrTests" */ = {
			isa = XCConfigurationList;
			buildConfigurations = (
				9D0F73CD2931160B00F16D5E /* Debug */,
				9D0F73CE2931160B00F16D5E /* Release */,
			);
			defaultConfigurationIsVisible = 0;
			defaultConfigurationName = Release;
		};
		9D0F73CF2931160B00F16D5E /* Build configuration list for PBXNativeTarget "ios-reddit-tldrUITests" */ = {
			isa = XCConfigurationList;
			buildConfigurations = (
				9D0F73D02931160B00F16D5E /* Debug */,
				9D0F73D12931160B00F16D5E /* Release */,
			);
			defaultConfigurationIsVisible = 0;
			defaultConfigurationName = Release;
		};
/* End XCConfigurationList section */

/* Begin XCVersionGroup section */
		9D0F73AE2931160B00F16D5E /* ios_reddit_tldr.xcdatamodeld */ = {
			isa = XCVersionGroup;
			children = (
				9D0F73AF2931160B00F16D5E /* ios_reddit_tldr.xcdatamodel */,
			);
			currentVersion = 9D0F73AF2931160B00F16D5E /* ios_reddit_tldr.xcdatamodel */;
			path = ios_reddit_tldr.xcdatamodeld;
			sourceTree = "<group>";
			versionGroupType = wrapper.xcdatamodel;
		};
/* End XCVersionGroup section */
	};
	rootObject = 9D0F73982931160A00F16D5E /* Project object */;
}
